
Microsoft Visual Studio Solution File, Format Version 12.00
# Visual Studio Version 17
VisualStudioVersion = 17.13.35931.197
MinimumVisualStudioVersion = 10.0.40219.1
Project("{FAE04EC0-301F-11D3-BF4B-00C04F79EFBC}") = "FreelanceMarketplace_Web", "FreelanceMarketplace_Web\FreelanceMarketplace_Web.csproj", "{61A57870-7C41-4A45-A874-1724505FB80C}"
EndProject
Project("{FAE04EC0-301F-11D3-BF4B-00C04F79EFBC}") = "CommonliberaryCore", "CommonliberaryCore\CommonliberaryCore.csproj", "{B3DAE17B-A513-4CD1-A7FE-4AF6826FA831}"
EndProject
Project("{FAE04EC0-301F-11D3-BF4B-00C04F79EFBC}") = "FreelanceMarketplace_Data", "FreelanceMarketplace_Data\FreelanceMarketplace_Data.csproj", "{04DDC7CB-453A-4A54-B23E-16F8AD39CFE5}"
EndProject
Global
	GlobalSection(SolutionConfigurationPlatforms) = preSolution
		Debug|Any CPU = Debug|Any CPU
		Release|Any CPU = Release|Any CPU
	EndGlobalSection
	GlobalSection(ProjectConfigurationPlatforms) = postSolution
		{61A57870-7C41-4A45-A874-1724505FB80C}.Debug|Any CPU.ActiveCfg = Debug|Any CPU
		{61A57870-7C41-4A45-A874-1724505FB80C}.Debug|Any CPU.Build.0 = Debug|Any CPU
		{61A57870-7C41-4A45-A874-1724505FB80C}.Release|Any CPU.ActiveCfg = Release|Any CPU
		{61A57870-7C41-4A45-A874-1724505FB80C}.Release|Any CPU.Build.0 = Release|Any CPU
		{B3DAE17B-A513-4CD1-A7FE-4AF6826FA831}.Debug|Any CPU.ActiveCfg = Debug|Any CPU
		{B3DAE17B-A513-4CD1-A7FE-4AF6826FA831}.Debug|Any CPU.Build.0 = Debug|Any CPU
		{B3DAE17B-A513-4CD1-A7FE-4AF6826FA831}.Release|Any CPU.ActiveCfg = Release|Any CPU
		{B3DAE17B-A513-4CD1-A7FE-4AF6826FA831}.Release|Any CPU.Build.0 = Release|Any CPU
		{04DDC7CB-453A-4A54-B23E-16F8AD39CFE5}.Debug|Any CPU.ActiveCfg = Debug|Any CPU
		{04DDC7CB-453A-4A54-B23E-16F8AD39CFE5}.Debug|Any CPU.Build.0 = Debug|Any CPU
		{04DDC7CB-453A-4A54-B23E-16F8AD39CFE5}.Release|Any CPU.ActiveCfg = Release|Any CPU
		{04DDC7CB-453A-4A54-B23E-16F8AD39CFE5}.Release|Any CPU.Build.0 = Release|Any CPU
	EndGlobalSection
	GlobalSection(SolutionProperties) = preSolution
		HideSolutionNode = FALSE
	EndGlobalSection
	GlobalSection(ExtensibilityGlobals) = postSolution
		SolutionGuid = {9A249460-FAB4-437F-837C-AA409B41E29C}
	EndGlobalSection
EndGlobal
